
Microsoft Visual Studio Solution File, Format Version 12.00
# Visual Studio Version 17
VisualStudioVersion = 17.0.31903.59
MinimumVisualStudioVersion = 10.0.40219.1
Project("{2150E333-8FDC-42A3-9474-1A3956D46DE8}") = "src", "src", "{9366B2AA-28EE-41A8-A552-B998CE701B55}"
EndProject
Project("{FAE04EC0-301F-11D3-BF4B-00C04F79EFBC}") = "HelloWorldAWSLambda", "src\HelloWorldAWSLambda\HelloWorldAWSLambda.csproj", "{D08D9C5A-5987-41D3-83C8-837BFD235D7A}"
EndProject
Project("{FAE04EC0-301F-11D3-BF4B-00C04F79EFBC}") = "HelloWorldAWSLambdaWithStartup", "src\HelloWorldAWSLambdaWithStartup\HelloWorldAWSLambdaWithStartup.csproj", "{C06A49E9-D0B7-4D27-94BA-80DE33B4E9D8}"
EndProject
Global
	GlobalSection(SolutionConfigurationPlatforms) = preSolution
		Debug|Any CPU = Debug|Any CPU
		Release|Any CPU = Release|Any CPU
	EndGlobalSection
	GlobalSection(SolutionProperties) = preSolution
		HideSolutionNode = FALSE
	EndGlobalSection
	GlobalSection(ProjectConfigurationPlatforms) = postSolution
		{D08D9C5A-5987-41D3-83C8-837BFD235D7A}.Debug|Any CPU.ActiveCfg = Debug|Any CPU
		{D08D9C5A-5987-41D3-83C8-837BFD235D7A}.Debug|Any CPU.Build.0 = Debug|Any CPU
		{D08D9C5A-5987-41D3-83C8-837BFD235D7A}.Release|Any CPU.ActiveCfg = Release|Any CPU
		{D08D9C5A-5987-41D3-83C8-837BFD235D7A}.Release|Any CPU.Build.0 = Release|Any CPU
		{C06A49E9-D0B7-4D27-94BA-80DE33B4E9D8}.Debug|Any CPU.ActiveCfg = Debug|Any CPU
		{C06A49E9-D0B7-4D27-94BA-80DE33B4E9D8}.Debug|Any CPU.Build.0 = Debug|Any CPU
		{C06A49E9-D0B7-4D27-94BA-80DE33B4E9D8}.Release|Any CPU.ActiveCfg = Release|Any CPU
		{C06A49E9-D0B7-4D27-94BA-80DE33B4E9D8}.Release|Any CPU.Build.0 = Release|Any CPU
	EndGlobalSection
	GlobalSection(NestedProjects) = preSolution
		{D08D9C5A-5987-41D3-83C8-837BFD235D7A} = {9366B2AA-28EE-41A8-A552-B998CE701B55}
		{C06A49E9-D0B7-4D27-94BA-80DE33B4E9D8} = {9366B2AA-28EE-41A8-A552-B998CE701B55}
	EndGlobalSection
EndGlobal
